
Microsoft Visual Studio Solution File, Format Version 12.00
# Visual Studio Version 16
VisualStudioVersion = 16.0.32126.315
MinimumVisualStudioVersion = 10.0.40219.1
Project("{9A19103F-16F7-4668-BE54-9A1E7A4F7556}") = "cldvmessages", "cldvmessages\cldvmessages.csproj", "{25D07494-9688-479C-9162-C14C2314E9C5}"
EndProject
Project("{9A19103F-16F7-4668-BE54-9A1E7A4F7556}") = "cldvmessages.server", "cldvmessages.server\cldvmessages.server.csproj", "{0CCC2F8F-FED2-417E-8732-CBE42D6B4244}"
EndProject
Project("{FAE04EC0-301F-11D3-BF4B-00C04F79EFBC}") = "cldvtablestorage", "cldvtablestorage\cldvtablestorage.csproj", "{0028881D-8403-4C48-882E-E944E3643826}"
EndProject
Global
	GlobalSection(SolutionConfigurationPlatforms) = preSolution
		Debug|Any CPU = Debug|Any CPU
		Release|Any CPU = Release|Any CPU
	EndGlobalSection
	GlobalSection(ProjectConfigurationPlatforms) = postSolution
		{25D07494-9688-479C-9162-C14C2314E9C5}.Debug|Any CPU.ActiveCfg = Debug|Any CPU
		{25D07494-9688-479C-9162-C14C2314E9C5}.Debug|Any CPU.Build.0 = Debug|Any CPU
		{25D07494-9688-479C-9162-C14C2314E9C5}.Release|Any CPU.ActiveCfg = Release|Any CPU
		{25D07494-9688-479C-9162-C14C2314E9C5}.Release|Any CPU.Build.0 = Release|Any CPU
		{0CCC2F8F-FED2-417E-8732-CBE42D6B4244}.Debug|Any CPU.ActiveCfg = Debug|Any CPU
		{0CCC2F8F-FED2-417E-8732-CBE42D6B4244}.Debug|Any CPU.Build.0 = Debug|Any CPU
		{0CCC2F8F-FED2-417E-8732-CBE42D6B4244}.Release|Any CPU.ActiveCfg = Release|Any CPU
		{0CCC2F8F-FED2-417E-8732-CBE42D6B4244}.Release|Any CPU.Build.0 = Release|Any CPU
		{0028881D-8403-4C48-882E-E944E3643826}.Debug|Any CPU.ActiveCfg = Debug|Any CPU
		{0028881D-8403-4C48-882E-E944E3643826}.Debug|Any CPU.Build.0 = Debug|Any CPU
		{0028881D-8403-4C48-882E-E944E3643826}.Release|Any CPU.ActiveCfg = Release|Any CPU
		{0028881D-8403-4C48-882E-E944E3643826}.Release|Any CPU.Build.0 = Release|Any CPU
	EndGlobalSection
	GlobalSection(SolutionProperties) = preSolution
		HideSolutionNode = FALSE
	EndGlobalSection
	GlobalSection(ExtensibilityGlobals) = postSolution
		SolutionGuid = {0F7DDC22-8197-4362-B693-0A7C55D3D39C}
	EndGlobalSection
EndGlobal
